{
  "name": "geodesic-model",
  "version": "1.0.0",
  "lockfileVersion": 2,
  "requires": true,
  "packages": {
    "": {
      "name": "geodesic-model",
      "version": "1.0.0",
      "license": "ISC",
      "dependencies": {
        "three": "^0.150.1",
        "three-sac": "github:luminome/three-sac",
        "voronoi": "^1.0.0"
      }
    },
    "node_modules/stats.js": {
      "version": "0.17.0",
      "resolved": "https://registry.npmjs.org/stats.js/-/stats.js-0.17.0.tgz",
      "integrity": "sha512-hNKz8phvYLPEcRkeG1rsGmV5ChMjKDAWU7/OJJdDErPBNChQXxCo3WZurGpnWc6gZhAzEPFad1aVgyOANH1sMw=="
    },
    "node_modules/three": {
      "version": "0.150.1",
      "resolved": "https://registry.npmjs.org/three/-/three-0.150.1.tgz",
      "integrity": "sha512-5C1MqKUWaHYo13BX0Q64qcdwImgnnjSOFgBscOzAo8MYCzEtqfQqorEKMcajnA3FHy1yVlIe9AmaMQ0OQracNA=="
    },
    "node_modules/three-sac": {
      "version": "1.0.0",
      "resolved": "git+ssh://git@github.com/luminome/three-sac.git#38952f6b62c56c63155be0848f8f1bcb9d96b1af",
      "license": "ISC",
      "dependencies": {
        "stats.js": "^0.17.0",
        "three": "^0.150.1"
      }
    },
    "node_modules/voronoi": {
      "version": "1.0.0",
      "resolved": "https://registry.npmjs.org/voronoi/-/voronoi-1.0.0.tgz",
      "integrity": "sha512-fukJpK8gyTJRJx0yLvtEE9h4B0VxUNZ4OpRimIjYmHd+YTiMTE2IiKYaXADNrviMkNgkEHghQ7OtMBDP+X64ng=="
    }
  },
  "dependencies": {
    "stats.js": {
      "version": "0.17.0",
      "resolved": "https://registry.npmjs.org/stats.js/-/stats.js-0.17.0.tgz",
      "integrity": "sha512-hNKz8phvYLPEcRkeG1rsGmV5ChMjKDAWU7/OJJdDErPBNChQXxCo3WZurGpnWc6gZhAzEPFad1aVgyOANH1sMw=="
    },
    "three": {
      "version": "0.150.1",
      "resolved": "https://registry.npmjs.org/three/-/three-0.150.1.tgz",
      "integrity": "sha512-5C1MqKUWaHYo13BX0Q64qcdwImgnnjSOFgBscOzAo8MYCzEtqfQqorEKMcajnA3FHy1yVlIe9AmaMQ0OQracNA=="
    },
    "three-sac": {
      "version": "git+ssh://git@github.com/luminome/three-sac.git#38952f6b62c56c63155be0848f8f1bcb9d96b1af",
      "from": "three-sac@github:luminome/three-sac",
      "requires": {
        "stats.js": "^0.17.0",
        "three": "^0.150.1"
      }
    },
    "voronoi": {
      "version": "1.0.0",
      "resolved": "https://registry.npmjs.org/voronoi/-/voronoi-1.0.0.tgz",
      "integrity": "sha512-fukJpK8gyTJRJx0yLvtEE9h4B0VxUNZ4OpRimIjYmHd+YTiMTE2IiKYaXADNrviMkNgkEHghQ7OtMBDP+X64ng=="
    }
  }
}
